<?xml version="1.0" encoding="utf-8"?>
<Project ToolsVersion="4.0" xmlns="http://schemas.microsoft.com/developer/msbuild/2003">
  <ItemGroup>
    <Filter Include="Source Files">
      <UniqueIdentifier>{4FC737F1-C7A5-4376-A066-2A32D752A2FF}</UniqueIdentifier>
      <Extensions>cpp;c;cc;cxx;c++;cppm;ixx;def;odl;idl;hpj;bat;asm;asmx</Extensions>
    </Filter>
    <Filter Include="Header Files">
      <UniqueIdentifier>{93995380-89BD-4b04-88EB-625FBE52EBFB}</UniqueIdentifier>
      <Extensions>h;hh;hpp;hxx;h++;hm;inl;inc;ipp;xsd</Extensions>
    </Filter>
    <Filter Include="Resource Files">
      <UniqueIdentifier>{67DA6AB6-F800-4c08-8B7A-83BB121AAD01}</UniqueIdentifier>
      <Extensions>rc;ico;cur;bmp;dlg;rc2;rct;bin;rgs;gif;jpg;jpeg;jpe;resx;tiff;tif;png;wav;mfcribbon-ms</Extensions>
    </Filter>
    <Filter Include="Shaders">
      <UniqueIdentifier>{1cb08645-e4b6-41fd-a12b-9113b177c87a}</UniqueIdentifier>
    </Filter>
    <Filter Include="Components">
      <UniqueIdentifier>{b8b34098-6851-4be7-b03e-cf8b445ee59d}</UniqueIdentifier>
    </Filter>
    <Filter Include="Components\Sources">
      <UniqueIdentifier>{59a4ca6d-905c-4656-9dc7-5ec9fdcd26b5}</UniqueIdentifier>
    </Filter>
  </ItemGroup>
  <ItemGroup>
    <ClInclude Include="ACore.h">
      <Filter>Header Files</Filter>
    </ClInclude>
    <ClInclude Include="AMath.h">
      <Filter>Header Files</Filter>
    </ClInclude>
    <ClInclude Include="IGame.h">
      <Filter>Header Files</Filter>
    </ClInclude>
    <ClInclude Include="AnvilBSPFormat.h">
      <Filter>Header Files</Filter>
    </ClInclude>
    <ClInclude Include="AShader.h">
      <Filter>Header Files</Filter>
    </ClInclude>
    <ClInclude Include="resource.h">
      <Filter>Header Files</Filter>
    </ClInclude>
    <ClInclude Include="AMesh.h">
      <Filter>Header Files</Filter>
    </ClInclude>
    <ClInclude Include="AnvilCamera.h">
      <Filter>Header Files</Filter>
    </ClInclude>
    <ClInclude Include="AnvilInput.h">
      <Filter>Header Files</Filter>
    </ClInclude>
    <ClInclude Include="AnvilPhysics.h">
      <Filter>Header Files</Filter>
    </ClInclude>
    <ClInclude Include="IComponent.h">
      <Filter>Components</Filter>
    </ClInclude>
    <ClInclude Include="AEntity.h">
      <Filter>Components</Filter>
    </ClInclude>
    <ClInclude Include="AResourceManager.h">
      <Filter>Header Files</Filter>
    </ClInclude>
    <ClInclude Include="AMeshLoader.h">
      <Filter>Header Files</Filter>
    </ClInclude>
    <ClInclude Include="AnvilMeshFormat.h">
      <Filter>Header Files</Filter>
    </ClInclude>
    <ClInclude Include="RigidBodyComponent.h">
      <Filter>Components</Filter>
    </ClInclude>
    <ClInclude Include="AModel.h">
      <Filter>Header Files</Filter>
    </ClInclude>
    <ClInclude Include="ATexture.h">
      <Filter>Header Files</Filter>
    </ClInclude>
  </ItemGroup>
  <ItemGroup>
    <ClCompile Include="ACamera.cpp">
      <Filter>Source Files</Filter>
    </ClCompile>
    <ClCompile Include="AEngine.h">
      <Filter>Header Files</Filter>
    </ClCompile>
    <ClCompile Include="AEngine.cpp">
      <Filter>Source Files</Filter>
    </ClCompile>
    <ClCompile Include="AShader.cpp">
      <Filter>Source Files</Filter>
    </ClCompile>
    <ClCompile Include="AnvilPhysics.cpp">
      <Filter>Source Files</Filter>
    </ClCompile>
    <ClCompile Include="AMesh.cpp">
      <Filter>Source Files</Filter>
    </ClCompile>
    <ClCompile Include="MeshComponent.h">
      <Filter>Components</Filter>
    </ClCompile>
    <ClCompile Include="AMeshLoader.cpp">
      <Filter>Source Files</Filter>
    </ClCompile>
    <ClCompile Include="AResourceManager.cpp">
      <Filter>Source Files</Filter>
    </ClCompile>
    <ClCompile Include="AModel.cpp">
      <Filter>Source Files</Filter>
    </ClCompile>
    <ClCompile Include="ACore.cpp">
      <Filter>Source Files</Filter>
    </ClCompile>
    <ClCompile Include="RigidBodyComponent.cpp">
      <Filter>Components\Sources</Filter>
    </ClCompile>
  </ItemGroup>
  <ItemGroup>
    <ResourceCompile Include="AnvilSDK.rc">
      <Filter>Resource Files</Filter>
    </ResourceCompile>
  </ItemGroup>
  <ItemGroup>
    <None Include="base.vert">
      <Filter>Shaders</Filter>
    </None>
    <None Include="base.frag">
      <Filter>Shaders</Filter>
    </None>
    <None Include=".clang-format" />
  </ItemGroup>
</Project>